
Microsoft Visual Studio Solution File, Format Version 12.00
# Visual Studio Version 16
VisualStudioVersion = 16.0.31729.503
MinimumVisualStudioVersion = 10.0.40219.1
Project("{FAE04EC0-301F-11D3-BF4B-00C04F79EFBC}") = "k2hCharacterBuilder", "k2hCharacterBuilder\k2hCharacterBuilder.csproj", "{8CD0E50A-647C-4591-8CF9-974E1319814C}"
EndProject
Global
	GlobalSection(SolutionConfigurationPlatforms) = preSolution
		Debug|Any CPU = Debug|Any CPU
		Release|Any CPU = Release|Any CPU
	EndGlobalSection
	GlobalSection(ProjectConfigurationPlatforms) = postSolution
		{8CD0E50A-647C-4591-8CF9-974E1319814C}.Debug|Any CPU.ActiveCfg = Debug|Any CPU
		{8CD0E50A-647C-4591-8CF9-974E1319814C}.Debug|Any CPU.Build.0 = Debug|Any CPU
		{8CD0E50A-647C-4591-8CF9-974E1319814C}.Release|Any CPU.ActiveCfg = Release|Any CPU
		{8CD0E50A-647C-4591-8CF9-974E1319814C}.Release|Any CPU.Build.0 = Release|Any CPU
	EndGlobalSection
	GlobalSection(SolutionProperties) = preSolution
		HideSolutionNode = FALSE
	EndGlobalSection
	GlobalSection(ExtensibilityGlobals) = postSolution
		SolutionGuid = {59C1383A-5E40-4EA6-82A0-0518EF4C71F4}
	EndGlobalSection
EndGlobal
